github.com/Velocidex/go-magic v0.0.0-20211018155418-c5dc48282f28 h1:3FMhXfGzZR4oNHmV8NizrviyaTv+2SmLuj+43cMJCUQ=
github.com/Velocidex/go-magic v0.0.0-20211018155418-c5dc48282f28/go.mod h1:n9o/44DFcqU/E55pWoIt4sKkxBC3k4JVNqvTAb9kZlI=
github.com/nu7hatch/gouuid v0.0.0-20131221200532-179d4d0c4d8d h1:VhgPp6v9qf9Agr/56bj7Y/xa04UccTW04VP0Qed4vnQ=
github.com/nu7hatch/gouuid v0.0.0-20131221200532-179d4d0c4d8d/go.mod h1:YUTz3bUH2ZwIWBy3CJBeOBEugqcmXREj14T+iG/4k4U=
golang.org/x/net v0.0.0-20211015210444-4f30a5c0130f h1:OfiFi4JbukWwe3lzw+xunroH1mnC1e2Gy5cxNJApiSY=
golang.org/x/net v0.0.0-20211015210444-4f30a5c0130f/go.mod h1:9nx3DQGgdP8bBQD5qxJ1jj9UTztislL4KSBs9R2vV5Y=
